
Microsoft Visual Studio Solution File, Format Version 10.00
# Visual Studio 2008
Project("{E24C65DC-7377-472B-9ABA-BC803B73C61A}") = "MyRetailerAPI", ".", "{3F7F08DA-6C1B-487F-B9F4-C8D1A0BF21CB}"
	ProjectSection(WebsiteProperties) = preProject
		Frontpage = "false"
		TargetFramework = "3.5"
		Debug.AspNetCompiler.VirtualPath = "/MyRetailerAPI"
		Debug.AspNetCompiler.PhysicalPath = "D:\MyRetailerAPI\"
		Debug.AspNetCompiler.TargetPath = "PrecompiledWeb\MyRetailerAPI\"
		Debug.AspNetCompiler.Updateable = "true"
		Debug.AspNetCompiler.ForceOverwrite = "true"
		Debug.AspNetCompiler.FixedNames = "false"
		Debug.AspNetCompiler.Debug = "True"
		Release.AspNetCompiler.VirtualPath = "/MyRetailerAPI"
		Release.AspNetCompiler.PhysicalPath = "D:\MyRetailerAPI\"
		Release.AspNetCompiler.TargetPath = "PrecompiledWeb\MyRetailerAPI\"
		Release.AspNetCompiler.Updateable = "true"
		Release.AspNetCompiler.ForceOverwrite = "true"
		Release.AspNetCompiler.FixedNames = "false"
		Release.AspNetCompiler.Debug = "False"
		VWDPort = "59930"
	EndProjectSection
EndProject
Global
	GlobalSection(SolutionConfigurationPlatforms) = preSolution
		Debug|.NET = Debug|.NET
	EndGlobalSection
	GlobalSection(ProjectConfigurationPlatforms) = postSolution
		{3F7F08DA-6C1B-487F-B9F4-C8D1A0BF21CB}.Debug|.NET.ActiveCfg = Debug|.NET
		{3F7F08DA-6C1B-487F-B9F4-C8D1A0BF21CB}.Debug|.NET.Build.0 = Debug|.NET
	EndGlobalSection
	GlobalSection(SolutionProperties) = preSolution
		HideSolutionNode = FALSE
	EndGlobalSection
EndGlobal
